
Microsoft Visual Studio Solution File, Format Version 12.00
# Visual Studio Version 17
VisualStudioVersion = 17.2.32519.379
MinimumVisualStudioVersion = 10.0.40219.1
Project("{9A19103F-16F7-4668-BE54-9A1E7A4F7556}") = "VersionIncrement", "VersionIncrement\VersionIncrement.csproj", "{39BFCEB1-1D24-4497-8C71-681D05DA4788}"
EndProject
Project("{2150E333-8FDC-42A3-9474-1A3956D46DE8}") = "Solution Items", "Solution Items", "{769C4309-1602-4317-9F91-79D1DABE589E}"
	ProjectSection(SolutionItems) = preProject
		..\.gitignore = ..\.gitignore
		..\ChangeLog.md = ..\ChangeLog.md
		..\README.md = ..\README.md
	EndProjectSection
EndProject
Project("{9A19103F-16F7-4668-BE54-9A1E7A4F7556}") = "ConsoleApp1", "ConsoleApp1\ConsoleApp1.csproj", "{FABCE0A8-6525-4926-AD31-96A14110A03F}"
EndProject
Project("{2150E333-8FDC-42A3-9474-1A3956D46DE8}") = "Tests", "Tests", "{49294B35-C8BC-45B4-84E7-5886D2280BEA}"
EndProject
Global
	GlobalSection(SolutionConfigurationPlatforms) = preSolution
		Debug|Any CPU = Debug|Any CPU
		Release|Any CPU = Release|Any CPU
	EndGlobalSection
	GlobalSection(ProjectConfigurationPlatforms) = postSolution
		{39BFCEB1-1D24-4497-8C71-681D05DA4788}.Debug|Any CPU.ActiveCfg = Debug|Any CPU
		{39BFCEB1-1D24-4497-8C71-681D05DA4788}.Debug|Any CPU.Build.0 = Debug|Any CPU
		{39BFCEB1-1D24-4497-8C71-681D05DA4788}.Release|Any CPU.ActiveCfg = Release|Any CPU
		{39BFCEB1-1D24-4497-8C71-681D05DA4788}.Release|Any CPU.Build.0 = Release|Any CPU
		{FABCE0A8-6525-4926-AD31-96A14110A03F}.Debug|Any CPU.ActiveCfg = Debug|Any CPU
		{FABCE0A8-6525-4926-AD31-96A14110A03F}.Debug|Any CPU.Build.0 = Debug|Any CPU
		{FABCE0A8-6525-4926-AD31-96A14110A03F}.Release|Any CPU.ActiveCfg = Release|Any CPU
		{FABCE0A8-6525-4926-AD31-96A14110A03F}.Release|Any CPU.Build.0 = Release|Any CPU
	EndGlobalSection
	GlobalSection(SolutionProperties) = preSolution
		HideSolutionNode = FALSE
	EndGlobalSection
	GlobalSection(NestedProjects) = preSolution
		{FABCE0A8-6525-4926-AD31-96A14110A03F} = {49294B35-C8BC-45B4-84E7-5886D2280BEA}
	EndGlobalSection
	GlobalSection(ExtensibilityGlobals) = postSolution
		SolutionGuid = {685C8E76-6093-4F74-A911-278B360CF0D0}
	EndGlobalSection
EndGlobal
